
Microsoft Visual Studio Solution File, Format Version 12.00
# Visual Studio Version 17
VisualStudioVersion = 17.7.34018.315
MinimumVisualStudioVersion = 10.0.40219.1
Project("{FAE04EC0-301F-11D3-BF4B-00C04F79EFBC}") = "evenOdds", "another test\evenOdds.csproj", "{C814D0D1-9013-4BE5-B1E5-D449FF6DF4B5}"
EndProject
Project("{9A19103F-16F7-4668-BE54-9A1E7A4F7556}") = "21cards", "21cards\21cards.csproj", "{D4F81107-51E7-49F1-9909-19E02EA50202}"
EndProject
Project("{FAE04EC0-301F-11D3-BF4B-00C04F79EFBC}") = "simpleNumbers", "simpleNumbers\simpleNumbers.csproj", "{4326B6C2-E34A-4EF9-8EDD-7DB52D3F3C1F}"
EndProject
Project("{FAE04EC0-301F-11D3-BF4B-00C04F79EFBC}") = "lessElement", "lessElement\lessElement.csproj", "{3BEBED82-7918-4A49-9476-B08C452C5B3F}"
EndProject
Project("{FAE04EC0-301F-11D3-BF4B-00C04F79EFBC}") = "guessTheNumber", "guessTheNumber\guessTheNumber.csproj", "{424BB51F-0597-401A-BAA1-4601DA1E52A2}"
EndProject
Global
	GlobalSection(SolutionConfigurationPlatforms) = preSolution
		Debug|Any CPU = Debug|Any CPU
		Release|Any CPU = Release|Any CPU
	EndGlobalSection
	GlobalSection(ProjectConfigurationPlatforms) = postSolution
		{C814D0D1-9013-4BE5-B1E5-D449FF6DF4B5}.Debug|Any CPU.ActiveCfg = Debug|Any CPU
		{C814D0D1-9013-4BE5-B1E5-D449FF6DF4B5}.Debug|Any CPU.Build.0 = Debug|Any CPU
		{C814D0D1-9013-4BE5-B1E5-D449FF6DF4B5}.Release|Any CPU.ActiveCfg = Release|Any CPU
		{C814D0D1-9013-4BE5-B1E5-D449FF6DF4B5}.Release|Any CPU.Build.0 = Release|Any CPU
		{D4F81107-51E7-49F1-9909-19E02EA50202}.Debug|Any CPU.ActiveCfg = Debug|Any CPU
		{D4F81107-51E7-49F1-9909-19E02EA50202}.Debug|Any CPU.Build.0 = Debug|Any CPU
		{D4F81107-51E7-49F1-9909-19E02EA50202}.Release|Any CPU.ActiveCfg = Release|Any CPU
		{D4F81107-51E7-49F1-9909-19E02EA50202}.Release|Any CPU.Build.0 = Release|Any CPU
		{4326B6C2-E34A-4EF9-8EDD-7DB52D3F3C1F}.Debug|Any CPU.ActiveCfg = Debug|Any CPU
		{4326B6C2-E34A-4EF9-8EDD-7DB52D3F3C1F}.Debug|Any CPU.Build.0 = Debug|Any CPU
		{4326B6C2-E34A-4EF9-8EDD-7DB52D3F3C1F}.Release|Any CPU.ActiveCfg = Release|Any CPU
		{4326B6C2-E34A-4EF9-8EDD-7DB52D3F3C1F}.Release|Any CPU.Build.0 = Release|Any CPU
		{3BEBED82-7918-4A49-9476-B08C452C5B3F}.Debug|Any CPU.ActiveCfg = Debug|Any CPU
		{3BEBED82-7918-4A49-9476-B08C452C5B3F}.Debug|Any CPU.Build.0 = Debug|Any CPU
		{3BEBED82-7918-4A49-9476-B08C452C5B3F}.Release|Any CPU.ActiveCfg = Release|Any CPU
		{3BEBED82-7918-4A49-9476-B08C452C5B3F}.Release|Any CPU.Build.0 = Release|Any CPU
		{424BB51F-0597-401A-BAA1-4601DA1E52A2}.Debug|Any CPU.ActiveCfg = Debug|Any CPU
		{424BB51F-0597-401A-BAA1-4601DA1E52A2}.Debug|Any CPU.Build.0 = Debug|Any CPU
		{424BB51F-0597-401A-BAA1-4601DA1E52A2}.Release|Any CPU.ActiveCfg = Release|Any CPU
		{424BB51F-0597-401A-BAA1-4601DA1E52A2}.Release|Any CPU.Build.0 = Release|Any CPU
	EndGlobalSection
	GlobalSection(SolutionProperties) = preSolution
		HideSolutionNode = FALSE
	EndGlobalSection
	GlobalSection(ExtensibilityGlobals) = postSolution
		SolutionGuid = {889132E9-3314-4329-9FEA-9D4C06814F40}
	EndGlobalSection
EndGlobal
